// !$*UTF8*$!
{
	archiveVersion = 1;
	classes = {
	};
	objectVersion = 54;
	objects = {

/* Begin PBXBuildFile section */
		00E356F31AD99517003FC87E /* BIMTrackTests.m in Sources */ = {isa = PBXBuildFile; fileRef = 00E356F21AD99517003FC87E /* BIMTrackTests.m */; };
		0F8AD92D27308B220094F94B /* File.swift in Sources */ = {isa = PBXBuildFile; fileRef = 0F8AD92C27308B220094F94B /* File.swift */; };
		13B07FBC1A68108700A75B9A /* AppDelegate.m in Sources */ = {isa = PBXBuildFile; fileRef = 13B07FB01A68108700A75B9A /* AppDelegate.m */; };
		13B07FBF1A68108700A75B9A /* Images.xcassets in Resources */ = {isa = PBXBuildFile; fileRef = 13B07FB51A68108700A75B9A /* Images.xcassets */; };
		13B07FC11A68108700A75B9A /* main.m in Sources */ = {isa = PBXBuildFile; fileRef = 13B07FB71A68108700A75B9A /* main.m */; };
		16CF33502906FC7A00ED0F10 /* RNGainsightPx.m in Sources */ = {isa = PBXBuildFile; fileRef = 16CF334F2906FC7A00ED0F10 /* RNGainsightPx.m */; };
		1EDA30C32A2B453FB3FEDDB3 /* CircularStd-Black.ttf in Resources */ = {isa = PBXBuildFile; fileRef = 28E22E8E4DD84A1A8ABE8B01 /* CircularStd-Black.ttf */; };
		28C222614F49387B2AC23C17 /* libPods-BIMTrack.a in Frameworks */ = {isa = PBXBuildFile; fileRef = DE7582B9E7AB1FB5673A1EF8 /* libPods-BIMTrack.a */; };
		29464580266EB2D9009305E1 /* BootSplash.storyboard in Resources */ = {isa = PBXBuildFile; fileRef = 2946457F266EB2D9009305E1 /* BootSplash.storyboard */; };
		2FB53FE317C44DEFAC9DD985 /* CircularStd-BlackItalic.ttf in Resources */ = {isa = PBXBuildFile; fileRef = 09A4667D7A1542ABA4E3489E /* CircularStd-BlackItalic.ttf */; };
		4087E74493AF4A16815B78B7 /* CircularStd-Bold.ttf in Resources */ = {isa = PBXBuildFile; fileRef = DD3BEBD6F3184EC39BE4B4E6 /* CircularStd-Bold.ttf */; };
		77D045AD41C48F0922FBB12F /* libPods-BIMTrack-BIMTrackTests.a in Frameworks */ = {isa = PBXBuildFile; fileRef = 2B9FDF14E8AB38865E361E7A /* libPods-BIMTrack-BIMTrackTests.a */; };
		82B33F0A2A24C7E00005F6FD /* CircularStd-Medium.ttf in Resources */ = {isa = PBXBuildFile; fileRef = 82B33F092A24C7E00005F6FD /* CircularStd-Medium.ttf */; };
		C330E6C8280882AC00739DEA /* libswift_Concurrency.tbd in Frameworks */ = {isa = PBXBuildFile; fileRef = C330E6C7280882AC00739DEA /* libswift_Concurrency.tbd */; settings = {ATTRIBUTES = (Weak, ); }; };
		C339D63B26A9AA92007F08B1 /* AppCenter-Config.plist in Resources */ = {isa = PBXBuildFile; fileRef = C339D63A26A9AA92007F08B1 /* AppCenter-Config.plist */; };
		C3F476BC2791C0E80038A953 /* libreact-native-voice.a in Frameworks */ = {isa = PBXBuildFile; fileRef = C3F476BB2791C0E80038A953 /* libreact-native-voice.a */; settings = {ATTRIBUTES = (Required, ); }; };
		DF22EAE16EC74EFBBA3A7DF0 /* CircularStd-BoldItalic.ttf in Resources */ = {isa = PBXBuildFile; fileRef = 43011C6CE520493BA8F44D43 /* CircularStd-BoldItalic.ttf */; };
		DF760CAF556C42F8A3B3B4B6 /* CircularStd-Book.ttf in Resources */ = {isa = PBXBuildFile; fileRef = FC1B172FD83441DBA1863CFC /* CircularStd-Book.ttf */; };
/* End PBXBuildFile section */

/* Begin PBXContainerItemProxy section */
		00E356F41AD99517003FC87E /* PBXContainerItemProxy */ = {
			isa = PBXContainerItemProxy;
			containerPortal = 83CBB9F71A601CBA00E9B192 /* Project object */;
			proxyType = 1;
			remoteGlobalIDString = 13B07F861A680F5B00A75B9A;
			remoteInfo = BIMTrack;
		};
/* End PBXContainerItemProxy section */

/* Begin PBXFileReference section */
		00E356EE1AD99517003FC87E /* BIMTrackTests.xctest */ = {isa = PBXFileReference; explicitFileType = wrapper.cfbundle; includeInIndex = 0; path = BIMTrackTests.xctest; sourceTree = BUILT_PRODUCTS_DIR; };
		00E356F11AD99517003FC87E /* Info.plist */ = {isa = PBXFileReference; lastKnownFileType = text.plist.xml; path = Info.plist; sourceTree = "<group>"; };
		00E356F21AD99517003FC87E /* BIMTrackTests.m */ = {isa = PBXFileReference; lastKnownFileType = sourcecode.c.objc; path = BIMTrackTests.m; sourceTree = "<group>"; };
		09A4667D7A1542ABA4E3489E /* CircularStd-BlackItalic.ttf */ = {isa = PBXFileReference; explicitFileType = undefined; fileEncoding = 9; includeInIndex = 0; lastKnownFileType = file; name = "CircularStd-BlackItalic.ttf"; path = "../src/ui/main/assets/fonts/CircularStd-BlackItalic.ttf"; sourceTree = "<group>"; };
		0F8AD92B27308B210094F94B /* BIMTrack-Bridging-Header.h */ = {isa = PBXFileReference; lastKnownFileType = sourcecode.c.h; path = "BIMTrack-Bridging-Header.h"; sourceTree = "<group>"; };
		0F8AD92C27308B220094F94B /* File.swift */ = {isa = PBXFileReference; lastKnownFileType = sourcecode.swift; path = File.swift; sourceTree = "<group>"; };
		13B07F961A680F5B00A75B9A /* BIMTrack.app */ = {isa = PBXFileReference; explicitFileType = wrapper.application; includeInIndex = 0; path = BIMTrack.app; sourceTree = BUILT_PRODUCTS_DIR; };
		13B07FAF1A68108700A75B9A /* AppDelegate.h */ = {isa = PBXFileReference; fileEncoding = 4; lastKnownFileType = sourcecode.c.h; name = AppDelegate.h; path = BIMTrack/AppDelegate.h; sourceTree = "<group>"; };
		13B07FB01A68108700A75B9A /* AppDelegate.m */ = {isa = PBXFileReference; fileEncoding = 4; lastKnownFileType = sourcecode.c.objc; name = AppDelegate.m; path = BIMTrack/AppDelegate.m; sourceTree = "<group>"; };
		13B07FB51A68108700A75B9A /* Images.xcassets */ = {isa = PBXFileReference; lastKnownFileType = folder.assetcatalog; name = Images.xcassets; path = BIMTrack/Images.xcassets; sourceTree = "<group>"; };
		13B07FB61A68108700A75B9A /* Info.plist */ = {isa = PBXFileReference; fileEncoding = 4; lastKnownFileType = text.plist.xml; name = Info.plist; path = BIMTrack/Info.plist; sourceTree = "<group>"; };
		13B07FB71A68108700A75B9A /* main.m */ = {isa = PBXFileReference; fileEncoding = 4; lastKnownFileType = sourcecode.c.objc; name = main.m; path = BIMTrack/main.m; sourceTree = "<group>"; };
		168411E82911837700D40C75 /* BIMTrackDebug.entitlements */ = {isa = PBXFileReference; lastKnownFileType = text.plist.entitlements; name = BIMTrackDebug.entitlements; path = BIMTrack/BIMTrackDebug.entitlements; sourceTree = "<group>"; };
		16CF334C2906FC2B00ED0F10 /* RNGainsightPx.h */ = {isa = PBXFileReference; lastKnownFileType = sourcecode.c.h; name = RNGainsightPx.h; path = "../node_modules/react-native-gainsight-px/ios/RNGainsightPx.h"; sourceTree = "<group>"; };
		16CF334D2906FC2C00ED0F10 /* RNGainsightPx.m */ = {isa = PBXFileReference; lastKnownFileType = sourcecode.c.objc; name = RNGainsightPx.m; path = "../node_modules/react-native-gainsight-px/ios/RNGainsightPx.m"; sourceTree = "<group>"; };
		16CF334E2906FC7A00ED0F10 /* RNGainsightPx.h */ = {isa = PBXFileReference; fileEncoding = 4; lastKnownFileType = sourcecode.c.h; name = RNGainsightPx.h; path = "../node_modules/react-native-gainsight-px/ios/RNGainsightPx.h"; sourceTree = "<group>"; };
		16CF334F2906FC7A00ED0F10 /* RNGainsightPx.m */ = {isa = PBXFileReference; fileEncoding = 4; lastKnownFileType = sourcecode.c.objc; name = RNGainsightPx.m; path = "../node_modules/react-native-gainsight-px/ios/RNGainsightPx.m"; sourceTree = "<group>"; };
		19B81262DB03DFCB009BCA15 /* Pods-BIMTrack-BIMTrackTests.internal.xcconfig */ = {isa = PBXFileReference; includeInIndex = 1; lastKnownFileType = text.xcconfig; name = "Pods-BIMTrack-BIMTrackTests.internal.xcconfig"; path = "Target Support Files/Pods-BIMTrack-BIMTrackTests/Pods-BIMTrack-BIMTrackTests.internal.xcconfig"; sourceTree = "<group>"; };
		19F7A0EC7E45E277F1B4C3A7 /* Pods-BIMTrack.release.xcconfig */ = {isa = PBXFileReference; includeInIndex = 1; lastKnownFileType = text.xcconfig; name = "Pods-BIMTrack.release.xcconfig"; path = "Target Support Files/Pods-BIMTrack/Pods-BIMTrack.release.xcconfig"; sourceTree = "<group>"; };
		23FE00CCC8D1EA145C399E68 /* Pods-BIMTrack.debug.xcconfig */ = {isa = PBXFileReference; includeInIndex = 1; lastKnownFileType = text.xcconfig; name = "Pods-BIMTrack.debug.xcconfig"; path = "Target Support Files/Pods-BIMTrack/Pods-BIMTrack.debug.xcconfig"; sourceTree = "<group>"; };
		28E22E8E4DD84A1A8ABE8B01 /* CircularStd-Black.ttf */ = {isa = PBXFileReference; explicitFileType = undefined; fileEncoding = 9; includeInIndex = 0; lastKnownFileType = file; name = "CircularStd-Black.ttf"; path = "../src/ui/main/assets/fonts/CircularStd-Black.ttf"; sourceTree = "<group>"; };
		2946457F266EB2D9009305E1 /* BootSplash.storyboard */ = {isa = PBXFileReference; fileEncoding = 4; lastKnownFileType = file.storyboard; name = BootSplash.storyboard; path = BIMTrack/BootSplash.storyboard; sourceTree = "<group>"; };
		2B9FDF14E8AB38865E361E7A /* libPods-BIMTrack-BIMTrackTests.a */ = {isa = PBXFileReference; explicitFileType = archive.ar; includeInIndex = 0; path = "libPods-BIMTrack-BIMTrackTests.a"; sourceTree = BUILT_PRODUCTS_DIR; };
		43011C6CE520493BA8F44D43 /* CircularStd-BoldItalic.ttf */ = {isa = PBXFileReference; explicitFileType = undefined; fileEncoding = 9; includeInIndex = 0; lastKnownFileType = file; name = "CircularStd-BoldItalic.ttf"; path = "../src/ui/main/assets/fonts/CircularStd-BoldItalic.ttf"; sourceTree = "<group>"; };
		51662CC4FE74698B27B9B821 /* Pods-BIMTrack.internal.xcconfig */ = {isa = PBXFileReference; includeInIndex = 1; lastKnownFileType = text.xcconfig; name = "Pods-BIMTrack.internal.xcconfig"; path = "Target Support Files/Pods-BIMTrack/Pods-BIMTrack.internal.xcconfig"; sourceTree = "<group>"; };
		6B398842EA3DBDAE2AECF9B8 /* Pods-BIMTrack-BIMTrackTests.debug.xcconfig */ = {isa = PBXFileReference; includeInIndex = 1; lastKnownFileType = text.xcconfig; name = "Pods-BIMTrack-BIMTrackTests.debug.xcconfig"; path = "Target Support Files/Pods-BIMTrack-BIMTrackTests/Pods-BIMTrack-BIMTrackTests.debug.xcconfig"; sourceTree = "<group>"; };
		82B33F092A24C7E00005F6FD /* CircularStd-Medium.ttf */ = {isa = PBXFileReference; lastKnownFileType = file; name = "CircularStd-Medium.ttf"; path = "../src/ui/main/assets/fonts/CircularStd-Medium.ttf"; sourceTree = "<group>"; };
		82EBFE45298AAAD100B4AA99 /* BIMTrack.entitlements */ = {isa = PBXFileReference; lastKnownFileType = text.plist.entitlements; name = BIMTrack.entitlements; path = BIMTrack/BIMTrack.entitlements; sourceTree = "<group>"; };
		8ECF91E2979EA009C4B2B4D5 /* Pods-BIMTrack-BIMTrackTests.release.xcconfig */ = {isa = PBXFileReference; includeInIndex = 1; lastKnownFileType = text.xcconfig; name = "Pods-BIMTrack-BIMTrackTests.release.xcconfig"; path = "Target Support Files/Pods-BIMTrack-BIMTrackTests/Pods-BIMTrack-BIMTrackTests.release.xcconfig"; sourceTree = "<group>"; };
		C330E6C7280882AC00739DEA /* libswift_Concurrency.tbd */ = {isa = PBXFileReference; lastKnownFileType = "sourcecode.text-based-dylib-definition"; name = libswift_Concurrency.tbd; path = usr/lib/swift/libswift_Concurrency.tbd; sourceTree = SDKROOT; };
		C339D63A26A9AA92007F08B1 /* AppCenter-Config.plist */ = {isa = PBXFileReference; lastKnownFileType = text.plist; path = "AppCenter-Config.plist"; sourceTree = "<group>"; };
		C357CE3027A4718300F780C1 /* AppCenter-ConfigsPlists */ = {isa = PBXFileReference; lastKnownFileType = folder; path = "AppCenter-ConfigsPlists"; sourceTree = "<group>"; };
		C3F476BB2791C0E80038A953 /* libreact-native-voice.a */ = {isa = PBXFileReference; explicitFileType = archive.ar; path = "libreact-native-voice.a"; sourceTree = BUILT_PRODUCTS_DIR; };
		DD3BEBD6F3184EC39BE4B4E6 /* CircularStd-Bold.ttf */ = {isa = PBXFileReference; explicitFileType = undefined; fileEncoding = 9; includeInIndex = 0; lastKnownFileType = file; name = "CircularStd-Bold.ttf"; path = "../src/ui/main/assets/fonts/CircularStd-Bold.ttf"; sourceTree = "<group>"; };
		DE7582B9E7AB1FB5673A1EF8 /* libPods-BIMTrack.a */ = {isa = PBXFileReference; explicitFileType = archive.ar; includeInIndex = 0; path = "libPods-BIMTrack.a"; sourceTree = BUILT_PRODUCTS_DIR; };
		ED297162215061F000B7C4FE /* JavaScriptCore.framework */ = {isa = PBXFileReference; lastKnownFileType = wrapper.framework; name = JavaScriptCore.framework; path = System/Library/Frameworks/JavaScriptCore.framework; sourceTree = SDKROOT; };
		FC1B172FD83441DBA1863CFC /* CircularStd-Book.ttf */ = {isa = PBXFileReference; explicitFileType = undefined; fileEncoding = 9; includeInIndex = 0; lastKnownFileType = file; name = "CircularStd-Book.ttf"; path = "../src/ui/main/assets/fonts/CircularStd-Book.ttf"; sourceTree = "<group>"; };
/* End PBXFileReference section */

/* Begin PBXFrameworksBuildPhase section */
		00E356EB1AD99517003FC87E /* Frameworks */ = {
			isa = PBXFrameworksBuildPhase;
			buildActionMask = 2147483647;
			files = (
				77D045AD41C48F0922FBB12F /* libPods-BIMTrack-BIMTrackTests.a in Frameworks */,
			);
			runOnlyForDeploymentPostprocessing = 0;
		};
		13B07F8C1A680F5B00A75B9A /* Frameworks */ = {
			isa = PBXFrameworksBuildPhase;
			buildActionMask = 2147483647;
			files = (
				C330E6C8280882AC00739DEA /* libswift_Concurrency.tbd in Frameworks */,
				28C222614F49387B2AC23C17 /* libPods-BIMTrack.a in Frameworks */,
				C3F476BC2791C0E80038A953 /* libreact-native-voice.a in Frameworks */,
			);
			runOnlyForDeploymentPostprocessing = 0;
		};
/* End PBXFrameworksBuildPhase section */

/* Begin PBXGroup section */
		00E356EF1AD99517003FC87E /* BIMTrackTests */ = {
			isa = PBXGroup;
			children = (
				00E356F21AD99517003FC87E /* BIMTrackTests.m */,
				00E356F01AD99517003FC87E /* Supporting Files */,
			);
			path = BIMTrackTests;
			sourceTree = "<group>";
		};
		00E356F01AD99517003FC87E /* Supporting Files */ = {
			isa = PBXGroup;
			children = (
				00E356F11AD99517003FC87E /* Info.plist */,
			);
			name = "Supporting Files";
			sourceTree = "<group>";
		};
		13B07FAE1A68108700A75B9A /* BIMtrack */ = {
			isa = PBXGroup;
			children = (
				13B07FAF1A68108700A75B9A /* AppDelegate.h */,
				13B07FB01A68108700A75B9A /* AppDelegate.m */,
				13B07FB51A68108700A75B9A /* Images.xcassets */,
				13B07FB61A68108700A75B9A /* Info.plist */,
				2946457F266EB2D9009305E1 /* BootSplash.storyboard */,
				13B07FB71A68108700A75B9A /* main.m */,
				C339D63A26A9AA92007F08B1 /* AppCenter-Config.plist */,
			);
			name = BIMtrack;
			sourceTree = "<group>";
		};
		2D16E6871FA4F8E400B85C8A /* Frameworks */ = {
			isa = PBXGroup;
			children = (
				16CF334C2906FC2B00ED0F10 /* RNGainsightPx.h */,
				16CF334D2906FC2C00ED0F10 /* RNGainsightPx.m */,
				C330E6C7280882AC00739DEA /* libswift_Concurrency.tbd */,
				C3F476BB2791C0E80038A953 /* libreact-native-voice.a */,
				ED297162215061F000B7C4FE /* JavaScriptCore.framework */,
				DE7582B9E7AB1FB5673A1EF8 /* libPods-BIMTrack.a */,
				2B9FDF14E8AB38865E361E7A /* libPods-BIMTrack-BIMTrackTests.a */,
			);
			name = Frameworks;
			sourceTree = "<group>";
		};
		3B0A7DC37D5D4951AD715BD6 /* Resources */ = {
			isa = PBXGroup;
			children = (
				28E22E8E4DD84A1A8ABE8B01 /* CircularStd-Black.ttf */,
				09A4667D7A1542ABA4E3489E /* CircularStd-BlackItalic.ttf */,
				DD3BEBD6F3184EC39BE4B4E6 /* CircularStd-Bold.ttf */,
				82B33F092A24C7E00005F6FD /* CircularStd-Medium.ttf */,
				43011C6CE520493BA8F44D43 /* CircularStd-BoldItalic.ttf */,
				FC1B172FD83441DBA1863CFC /* CircularStd-Book.ttf */,
			);
			name = Resources;
			sourceTree = "<group>";
		};
		832341AE1AAA6A7D00B99B32 /* Libraries */ = {
			isa = PBXGroup;
			children = (
				16CF334E2906FC7A00ED0F10 /* RNGainsightPx.h */,
				16CF334F2906FC7A00ED0F10 /* RNGainsightPx.m */,
			);
			name = Libraries;
			sourceTree = "<group>";
		};
		83CBB9F61A601CBA00E9B192 = {
			isa = PBXGroup;
			children = (
				82EBFE45298AAAD100B4AA99 /* BIMTrack.entitlements */,
				168411E82911837700D40C75 /* BIMTrackDebug.entitlements */,
				C357CE3027A4718300F780C1 /* AppCenter-ConfigsPlists */,
				0F8AD92C27308B220094F94B /* File.swift */,
				13B07FAE1A68108700A75B9A /* BIMtrack */,
				832341AE1AAA6A7D00B99B32 /* Libraries */,
				00E356EF1AD99517003FC87E /* BIMTrackTests */,
				83CBBA001A601CBA00E9B192 /* Products */,
				2D16E6871FA4F8E400B85C8A /* Frameworks */,
				A250B4A5CF340DE7DEA32383 /* Pods */,
				3B0A7DC37D5D4951AD715BD6 /* Resources */,
				0F8AD92B27308B210094F94B /* BIMTrack-Bridging-Header.h */,
			);
			indentWidth = 2;
			sourceTree = "<group>";
			tabWidth = 2;
			usesTabs = 0;
		};
		83CBBA001A601CBA00E9B192 /* Products */ = {
			isa = PBXGroup;
			children = (
				13B07F961A680F5B00A75B9A /* BIMTrack.app */,
				00E356EE1AD99517003FC87E /* BIMTrackTests.xctest */,
			);
			name = Products;
			sourceTree = "<group>";
		};
		A250B4A5CF340DE7DEA32383 /* Pods */ = {
			isa = PBXGroup;
			children = (
				23FE00CCC8D1EA145C399E68 /* Pods-BIMTrack.debug.xcconfig */,
				19F7A0EC7E45E277F1B4C3A7 /* Pods-BIMTrack.release.xcconfig */,
				6B398842EA3DBDAE2AECF9B8 /* Pods-BIMTrack-BIMTrackTests.debug.xcconfig */,
				8ECF91E2979EA009C4B2B4D5 /* Pods-BIMTrack-BIMTrackTests.release.xcconfig */,
				51662CC4FE74698B27B9B821 /* Pods-BIMTrack.internal.xcconfig */,
				19B81262DB03DFCB009BCA15 /* Pods-BIMTrack-BIMTrackTests.internal.xcconfig */,
			);
			path = Pods;
			sourceTree = "<group>";
		};
/* End PBXGroup section */

/* Begin PBXNativeTarget section */
		00E356ED1AD99517003FC87E /* BIMTrackTests */ = {
			isa = PBXNativeTarget;
			buildConfigurationList = 00E357021AD99517003FC87E /* Build configuration list for PBXNativeTarget "BIMTrackTests" */;
			buildPhases = (
				EBBABD1E5F1653784E73E7DD /* [CP] Check Pods Manifest.lock */,
				00E356EA1AD99517003FC87E /* Sources */,
				00E356EB1AD99517003FC87E /* Frameworks */,
				00E356EC1AD99517003FC87E /* Resources */,
				D340F1D5716C2C1486C41730 /* [CP] Embed Pods Frameworks */,
				C7CDE3A466A5AA5836562065 /* [CP] Copy Pods Resources */,
			);
			buildRules = (
			);
			dependencies = (
				00E356F51AD99517003FC87E /* PBXTargetDependency */,
			);
			name = BIMTrackTests;
			productName = BIMTrackTests;
			productReference = 00E356EE1AD99517003FC87E /* BIMTrackTests.xctest */;
			productType = "com.apple.product-type.bundle.unit-test";
		};
		13B07F861A680F5B00A75B9A /* BIMTrack */ = {
			isa = PBXNativeTarget;
			buildConfigurationList = 13B07F931A680F5B00A75B9A /* Build configuration list for PBXNativeTarget "BIMTrack" */;
			buildPhases = (
				CFCB7AA8C9EB28B5B1DF0BA2 /* [CP] Check Pods Manifest.lock */,
				FD10A7F022414F080027D42C /* Start Packager */,
				13B07F871A680F5B00A75B9A /* Sources */,
				13B07F8C1A680F5B00A75B9A /* Frameworks */,
				C34CA15927A4613800709FF9 /* ShellScript */,
				13B07F8E1A680F5B00A75B9A /* Resources */,
				00DD1BFF1BD5951E006B06BC /* Bundle React Native code and images */,
				27D20F12F17045CA0CB25E09 /* [CP] Embed Pods Frameworks */,
				24C2492D0CBCFEB732A65A7D /* [CP] Copy Pods Resources */,
			);
			buildRules = (
			);
			dependencies = (
			);
			name = BIMTrack;
			productName = BIMTrack;
			productReference = 13B07F961A680F5B00A75B9A /* BIMTrack.app */;
			productType = "com.apple.product-type.application";
		};
/* End PBXNativeTarget section */

/* Begin PBXProject section */
		83CBB9F71A601CBA00E9B192 /* Project object */ = {
			isa = PBXProject;
			attributes = {
				LastUpgradeCheck = 1240;
				TargetAttributes = {
					00E356ED1AD99517003FC87E = {
						CreatedOnToolsVersion = 6.2;
						TestTargetID = 13B07F861A680F5B00A75B9A;
					};
					13B07F861A680F5B00A75B9A = {
						LastSwiftMigration = 1250;
					};
				};
			};
			buildConfigurationList = 83CBB9FA1A601CBA00E9B192 /* Build configuration list for PBXProject "BIMTrack" */;
			compatibilityVersion = "Xcode 12.0";
			developmentRegion = en;
			hasScannedForEncodings = 0;
			knownRegions = (
				en,
				Base,
			);
			mainGroup = 83CBB9F61A601CBA00E9B192;
			productRefGroup = 83CBBA001A601CBA00E9B192 /* Products */;
			projectDirPath = "";
			projectRoot = "";
			targets = (
				13B07F861A680F5B00A75B9A /* BIMTrack */,
				00E356ED1AD99517003FC87E /* BIMTrackTests */,
			);
		};
/* End PBXProject section */

/* Begin PBXResourcesBuildPhase section */
		00E356EC1AD99517003FC87E /* Resources */ = {
			isa = PBXResourcesBuildPhase;
			buildActionMask = 2147483647;
			files = (
			);
			runOnlyForDeploymentPostprocessing = 0;
		};
		13B07F8E1A680F5B00A75B9A /* Resources */ = {
			isa = PBXResourcesBuildPhase;
			buildActionMask = 2147483647;
			files = (
				29464580266EB2D9009305E1 /* BootSplash.storyboard in Resources */,
				13B07FBF1A68108700A75B9A /* Images.xcassets in Resources */,
				1EDA30C32A2B453FB3FEDDB3 /* CircularStd-Black.ttf in Resources */,
				82B33F0A2A24C7E00005F6FD /* CircularStd-Medium.ttf in Resources */,
				2FB53FE317C44DEFAC9DD985 /* CircularStd-BlackItalic.ttf in Resources */,
				4087E74493AF4A16815B78B7 /* CircularStd-Bold.ttf in Resources */,
				C339D63B26A9AA92007F08B1 /* AppCenter-Config.plist in Resources */,
				DF22EAE16EC74EFBBA3A7DF0 /* CircularStd-BoldItalic.ttf in Resources */,
				DF760CAF556C42F8A3B3B4B6 /* CircularStd-Book.ttf in Resources */,
			);
			runOnlyForDeploymentPostprocessing = 0;
		};
/* End PBXResourcesBuildPhase section */

/* Begin PBXShellScriptBuildPhase section */
		00DD1BFF1BD5951E006B06BC /* Bundle React Native code and images */ = {
			isa = PBXShellScriptBuildPhase;
			buildActionMask = 2147483647;
			files = (
			);
			inputPaths = (
			);
			name = "Bundle React Native code and images";
			outputPaths = (
			);
			runOnlyForDeploymentPostprocessing = 0;
			shellPath = /bin/sh;
			shellScript = "set -e\n\nexport NODE_BINARY=node\n../node_modules/react-native/scripts/react-native-xcode.sh\n";
		};
		24C2492D0CBCFEB732A65A7D /* [CP] Copy Pods Resources */ = {
			isa = PBXShellScriptBuildPhase;
			buildActionMask = 2147483647;
			files = (
			);
			inputFileListPaths = (
				"${PODS_ROOT}/Target Support Files/Pods-BIMTrack/Pods-BIMTrack-resources-${CONFIGURATION}-input-files.xcfilelist",
			);
			name = "[CP] Copy Pods Resources";
			outputFileListPaths = (
				"${PODS_ROOT}/Target Support Files/Pods-BIMTrack/Pods-BIMTrack-resources-${CONFIGURATION}-output-files.xcfilelist",
			);
			runOnlyForDeploymentPostprocessing = 0;
			shellPath = /bin/sh;
			shellScript = "\"${PODS_ROOT}/Target Support Files/Pods-BIMTrack/Pods-BIMTrack-resources.sh\"\n";
			showEnvVarsInLog = 0;
		};
		27D20F12F17045CA0CB25E09 /* [CP] Embed Pods Frameworks */ = {
			isa = PBXShellScriptBuildPhase;
			buildActionMask = 2147483647;
			files = (
			);
			inputFileListPaths = (
				"${PODS_ROOT}/Target Support Files/Pods-BIMTrack/Pods-BIMTrack-frameworks-${CONFIGURATION}-input-files.xcfilelist",
			);
			name = "[CP] Embed Pods Frameworks";
			outputFileListPaths = (
				"${PODS_ROOT}/Target Support Files/Pods-BIMTrack/Pods-BIMTrack-frameworks-${CONFIGURATION}-output-files.xcfilelist",
			);
			runOnlyForDeploymentPostprocessing = 0;
			shellPath = /bin/sh;
			shellScript = "\"${PODS_ROOT}/Target Support Files/Pods-BIMTrack/Pods-BIMTrack-frameworks.sh\"\n";
			showEnvVarsInLog = 0;
		};
		C34CA15927A4613800709FF9 /* ShellScript */ = {
			isa = PBXShellScriptBuildPhase;
			buildActionMask = 2147483647;
			files = (
			);
			inputFileListPaths = (
			);
			inputPaths = (
			);
			outputFileListPaths = (
			);
			outputPaths = (
			);
			runOnlyForDeploymentPostprocessing = 0;
			shellPath = /bin/sh;
			shellScript = "# Type a script or drag a script file from your workspace to insert its path.\ncp \"${SRCROOT}/Resources/AppCenter-ConfigsPlists/AppCenter-Config-$CONFIGURATION.plist\" \"${SRCROOT}/AppCenter-Config.plist\"\n";
		};
		C7CDE3A466A5AA5836562065 /* [CP] Copy Pods Resources */ = {
			isa = PBXShellScriptBuildPhase;
			buildActionMask = 2147483647;
			files = (
			);
			inputFileListPaths = (
				"${PODS_ROOT}/Target Support Files/Pods-BIMTrack-BIMTrackTests/Pods-BIMTrack-BIMTrackTests-resources-${CONFIGURATION}-input-files.xcfilelist",
			);
			name = "[CP] Copy Pods Resources";
			outputFileListPaths = (
				"${PODS_ROOT}/Target Support Files/Pods-BIMTrack-BIMTrackTests/Pods-BIMTrack-BIMTrackTests-resources-${CONFIGURATION}-output-files.xcfilelist",
			);
			runOnlyForDeploymentPostprocessing = 0;
			shellPath = /bin/sh;
			shellScript = "\"${PODS_ROOT}/Target Support Files/Pods-BIMTrack-BIMTrackTests/Pods-BIMTrack-BIMTrackTests-resources.sh\"\n";
			showEnvVarsInLog = 0;
		};
		CFCB7AA8C9EB28B5B1DF0BA2 /* [CP] Check Pods Manifest.lock */ = {
			isa = PBXShellScriptBuildPhase;
			buildActionMask = 2147483647;
			files = (
			);
			inputFileListPaths = (
			);
			inputPaths = (
				"${PODS_PODFILE_DIR_PATH}/Podfile.lock",
				"${PODS_ROOT}/Manifest.lock",
			);
			name = "[CP] Check Pods Manifest.lock";
			outputFileListPaths = (
			);
			outputPaths = (
				"$(DERIVED_FILE_DIR)/Pods-BIMTrack-checkManifestLockResult.txt",
			);
			runOnlyForDeploymentPostprocessing = 0;
			shellPath = /bin/sh;
			shellScript = "diff \"${PODS_PODFILE_DIR_PATH}/Podfile.lock\" \"${PODS_ROOT}/Manifest.lock\" > /dev/null\nif [ $? != 0 ] ; then\n    # print error to STDERR\n    echo \"error: The sandbox is not in sync with the Podfile.lock. Run 'pod install' or update your CocoaPods installation.\" >&2\n    exit 1\nfi\n# This output is used by Xcode 'outputs' to avoid re-running this script phase.\necho \"SUCCESS\" > \"${SCRIPT_OUTPUT_FILE_0}\"\n";
			showEnvVarsInLog = 0;
		};
		D340F1D5716C2C1486C41730 /* [CP] Embed Pods Frameworks */ = {
			isa = PBXShellScriptBuildPhase;
			buildActionMask = 2147483647;
			files = (
			);
			inputFileListPaths = (
				"${PODS_ROOT}/Target Support Files/Pods-BIMTrack-BIMTrackTests/Pods-BIMTrack-BIMTrackTests-frameworks-${CONFIGURATION}-input-files.xcfilelist",
			);
			name = "[CP] Embed Pods Frameworks";
			outputFileListPaths = (
				"${PODS_ROOT}/Target Support Files/Pods-BIMTrack-BIMTrackTests/Pods-BIMTrack-BIMTrackTests-frameworks-${CONFIGURATION}-output-files.xcfilelist",
			);
			runOnlyForDeploymentPostprocessing = 0;
			shellPath = /bin/sh;
			shellScript = "\"${PODS_ROOT}/Target Support Files/Pods-BIMTrack-BIMTrackTests/Pods-BIMTrack-BIMTrackTests-frameworks.sh\"\n";
			showEnvVarsInLog = 0;
		};
		EBBABD1E5F1653784E73E7DD /* [CP] Check Pods Manifest.lock */ = {
			isa = PBXShellScriptBuildPhase;
			buildActionMask = 2147483647;
			files = (
			);
			inputFileListPaths = (
			);
			inputPaths = (
				"${PODS_PODFILE_DIR_PATH}/Podfile.lock",
				"${PODS_ROOT}/Manifest.lock",
			);
			name = "[CP] Check Pods Manifest.lock";
			outputFileListPaths = (
			);
			outputPaths = (
				"$(DERIVED_FILE_DIR)/Pods-BIMTrack-BIMTrackTests-checkManifestLockResult.txt",
			);
			runOnlyForDeploymentPostprocessing = 0;
			shellPath = /bin/sh;
			shellScript = "diff \"${PODS_PODFILE_DIR_PATH}/Podfile.lock\" \"${PODS_ROOT}/Manifest.lock\" > /dev/null\nif [ $? != 0 ] ; then\n    # print error to STDERR\n    echo \"error: The sandbox is not in sync with the Podfile.lock. Run 'pod install' or update your CocoaPods installation.\" >&2\n    exit 1\nfi\n# This output is used by Xcode 'outputs' to avoid re-running this script phase.\necho \"SUCCESS\" > \"${SCRIPT_OUTPUT_FILE_0}\"\n";
			showEnvVarsInLog = 0;
		};
		FD10A7F022414F080027D42C /* Start Packager */ = {
			isa = PBXShellScriptBuildPhase;
			buildActionMask = 2147483647;
			files = (
			);
			inputFileListPaths = (
			);
			inputPaths = (
			);
			name = "Start Packager";
			outputFileListPaths = (
			);
			outputPaths = (
			);
			runOnlyForDeploymentPostprocessing = 0;
			shellPath = /bin/sh;
			shellScript = "export RCT_METRO_PORT=\"${RCT_METRO_PORT:=8081}\"\necho \"export RCT_METRO_PORT=${RCT_METRO_PORT}\" > \"${SRCROOT}/../node_modules/react-native/scripts/.packager.env\"\nif [ -z \"${RCT_NO_LAUNCH_PACKAGER+xxx}\" ] ; then\n  if nc -w 5 -z localhost ${RCT_METRO_PORT} ; then\n    if ! curl -s \"http://localhost:${RCT_METRO_PORT}/status\" | grep -q \"packager-status:running\" ; then\n      echo \"Port ${RCT_METRO_PORT} already in use, packager is either not running or not running correctly\"\n      exit 2\n    fi\n  else\n    open \"$SRCROOT/../node_modules/react-native/scripts/launchPackager.command\" || echo \"Can't start packager automatically\"\n  fi\nfi\n";
			showEnvVarsInLog = 0;
		};
/* End PBXShellScriptBuildPhase section */

/* Begin PBXSourcesBuildPhase section */
		00E356EA1AD99517003FC87E /* Sources */ = {
			isa = PBXSourcesBuildPhase;
			buildActionMask = 2147483647;
			files = (
				00E356F31AD99517003FC87E /* BIMTrackTests.m in Sources */,
			);
			runOnlyForDeploymentPostprocessing = 0;
		};
		13B07F871A680F5B00A75B9A /* Sources */ = {
			isa = PBXSourcesBuildPhase;
			buildActionMask = 2147483647;
			files = (
				16CF33502906FC7A00ED0F10 /* RNGainsightPx.m in Sources */,
				13B07FBC1A68108700A75B9A /* AppDelegate.m in Sources */,
				0F8AD92D27308B220094F94B /* File.swift in Sources */,
				13B07FC11A68108700A75B9A /* main.m in Sources */,
			);
			runOnlyForDeploymentPostprocessing = 0;
		};
/* End PBXSourcesBuildPhase section */

/* Begin PBXTargetDependency section */
		00E356F51AD99517003FC87E /* PBXTargetDependency */ = {
			isa = PBXTargetDependency;
			target = 13B07F861A680F5B00A75B9A /* BIMTrack */;
			targetProxy = 00E356F41AD99517003FC87E /* PBXContainerItemProxy */;
		};
/* End PBXTargetDependency section */

/* Begin XCBuildConfiguration section */
		00E356F61AD99517003FC87E /* Debug */ = {
			isa = XCBuildConfiguration;
			baseConfigurationReference = 6B398842EA3DBDAE2AECF9B8 /* Pods-BIMTrack-BIMTrackTests.debug.xcconfig */;
			buildSettings = {
				ALWAYS_EMBED_SWIFT_STANDARD_LIBRARIES = YES;
				BUNDLE_LOADER = "$(TEST_HOST)";
				GCC_PREPROCESSOR_DEFINITIONS = (
					"DEBUG=1",
					"$(inherited)",
				);
				INFOPLIST_FILE = BIMTrackTests/Info.plist;
				IPHONEOS_DEPLOYMENT_TARGET = 12.0;
				LD_RUNPATH_SEARCH_PATHS = (
					"$(inherited)",
					"@executable_path/Frameworks",
					"@loader_path/Frameworks",
				);
				OTHER_LDFLAGS = (
					"-ObjC",
					"-lc++",
					"$(inherited)",
				);
				PRODUCT_BUNDLE_IDENTIFIER = "org.reactjs.native.example.$(PRODUCT_NAME:rfc1034identifier)";
				PRODUCT_NAME = "$(TARGET_NAME)";
				TEST_HOST = "$(BUILT_PRODUCTS_DIR)/BIMTrack.app/BIMTrack";
			};
			name = Debug;
		};
		00E356F71AD99517003FC87E /* Release */ = {
			isa = XCBuildConfiguration;
			baseConfigurationReference = 8ECF91E2979EA009C4B2B4D5 /* Pods-BIMTrack-BIMTrackTests.release.xcconfig */;
			buildSettings = {
				ALWAYS_EMBED_SWIFT_STANDARD_LIBRARIES = YES;
				BUNDLE_LOADER = "$(TEST_HOST)";
				COPY_PHASE_STRIP = NO;
				INFOPLIST_FILE = BIMTrackTests/Info.plist;
				IPHONEOS_DEPLOYMENT_TARGET = 12.0;
				LD_RUNPATH_SEARCH_PATHS = (
					"$(inherited)",
					"@executable_path/Frameworks",
					"@loader_path/Frameworks",
				);
				OTHER_LDFLAGS = (
					"-ObjC",
					"-lc++",
					"$(inherited)",
				);
				PRODUCT_BUNDLE_IDENTIFIER = "org.reactjs.native.example.$(PRODUCT_NAME:rfc1034identifier)";
				PRODUCT_NAME = "$(TARGET_NAME)";
				TEST_HOST = "$(BUILT_PRODUCTS_DIR)/BIMTrack.app/BIMTrack";
			};
			name = Release;
		};
		13B07F941A680F5B00A75B9A /* Debug */ = {
			isa = XCBuildConfiguration;
			baseConfigurationReference = 23FE00CCC8D1EA145C399E68 /* Pods-BIMTrack.debug.xcconfig */;
			buildSettings = {
				ASSETCATALOG_COMPILER_APPICON_NAME = AppIcon;
				CLANG_ENABLE_MODULES = YES;
				CODE_SIGN_ENTITLEMENTS = BIMTrack/BIMTrackDebug.entitlements;
				CURRENT_PROJECT_VERSION = 1;
				DEVELOPMENT_TEAM = TLTF7FJX27;
				ENABLE_BITCODE = NO;
				INFOPLIST_FILE = BIMTrack/Info.plist;
				LD_RUNPATH_SEARCH_PATHS = (
					"$(inherited)",
					"@executable_path/Frameworks",
				);
				LIBRARY_SEARCH_PATHS = (
					"$(inherited)",
					"$(SDKROOT)/usr/lib/swift",
				);
				MARKETING_VERSION = 1.5.4;
				OTHER_LDFLAGS = (
					"$(inherited)",
					"-ObjC",
					"-lc++",
				);
				PRODUCT_BUNDLE_IDENTIFIER = com.bimtrack.bimtrack;
				PRODUCT_NAME = BIMTrack;
				SWIFT_OBJC_BRIDGING_HEADER = "BIMTrack-Bridging-Header.h";
				SWIFT_OPTIMIZATION_LEVEL = "-Onone";
				SWIFT_VERSION = 5.0;
				TARGETED_DEVICE_FAMILY = "1,2";
				VERSIONING_SYSTEM = "apple-generic";
			};
			name = Debug;
		};
		13B07F951A680F5B00A75B9A /* Release */ = {
			isa = XCBuildConfiguration;
			baseConfigurationReference = 19F7A0EC7E45E277F1B4C3A7 /* Pods-BIMTrack.release.xcconfig */;
			buildSettings = {
				ASSETCATALOG_COMPILER_APPICON_NAME = AppIcon;
				CLANG_ENABLE_MODULES = YES;
				CODE_SIGN_ENTITLEMENTS = BIMTrack/BIMTrack.entitlements;
				CURRENT_PROJECT_VERSION = 1;
				DEVELOPMENT_TEAM = TLTF7FJX27;
				INFOPLIST_FILE = BIMTrack/Info.plist;
				LD_RUNPATH_SEARCH_PATHS = (
					"$(inherited)",
					"@executable_path/Frameworks",
				);
				LIBRARY_SEARCH_PATHS = (
					"$(inherited)",
					"$(SDKROOT)/usr/lib/swift",
				);
				MARKETING_VERSION = 1.5.4;
				ONLY_ACTIVE_ARCH = YES;
				OTHER_LDFLAGS = (
					"$(inherited)",
					"-ObjC",
					"-lc++",
				);
				PRODUCT_BUNDLE_IDENTIFIER = com.bimtrack.bimtrack;
				PRODUCT_NAME = BIMTrack;
				SWIFT_OBJC_BRIDGING_HEADER = "BIMTrack-Bridging-Header.h";
				SWIFT_VERSION = 5.0;
				TARGETED_DEVICE_FAMILY = "1,2";
				VERSIONING_SYSTEM = "apple-generic";
			};
			name = Release;
		};
		83CBBA201A601CBA00E9B192 /* Debug */ = {
			isa = XCBuildConfiguration;
			buildSettings = {
				ALWAYS_SEARCH_USER_PATHS = NO;
				CLANG_ANALYZER_LOCALIZABILITY_NONLOCALIZED = YES;
				CLANG_CXX_LANGUAGE_STANDARD = "gnu++0x";
				CLANG_CXX_LIBRARY = "libc++";
				CLANG_ENABLE_MODULES = YES;
				CLANG_ENABLE_OBJC_ARC = YES;
				CLANG_WARN_BLOCK_CAPTURE_AUTORELEASING = YES;
				CLANG_WARN_BOOL_CONVERSION = YES;
				CLANG_WARN_COMMA = YES;
				CLANG_WARN_CONSTANT_CONVERSION = YES;
				CLANG_WARN_DEPRECATED_OBJC_IMPLEMENTATIONS = YES;
				CLANG_WARN_DIRECT_OBJC_ISA_USAGE = YES_ERROR;
				CLANG_WARN_EMPTY_BODY = YES;
				CLANG_WARN_ENUM_CONVERSION = YES;
				CLANG_WARN_INFINITE_RECURSION = YES;
				CLANG_WARN_INT_CONVERSION = YES;
				CLANG_WARN_NON_LITERAL_NULL_CONVERSION = YES;
				CLANG_WARN_OBJC_IMPLICIT_RETAIN_SELF = YES;
				CLANG_WARN_OBJC_LITERAL_CONVERSION = YES;
				CLANG_WARN_OBJC_ROOT_CLASS = YES_ERROR;
				CLANG_WARN_QUOTED_INCLUDE_IN_FRAMEWORK_HEADER = YES;
				CLANG_WARN_RANGE_LOOP_ANALYSIS = YES;
				CLANG_WARN_STRICT_PROTOTYPES = YES;
				CLANG_WARN_SUSPICIOUS_MOVE = YES;
				CLANG_WARN_UNREACHABLE_CODE = YES;
				CLANG_WARN__DUPLICATE_METHOD_MATCH = YES;
				"CODE_SIGN_IDENTITY[sdk=iphoneos*]" = "iPhone Developer";
				COPY_PHASE_STRIP = NO;
				ENABLE_STRICT_OBJC_MSGSEND = YES;
				ENABLE_TESTABILITY = YES;
				"EXCLUDED_ARCHS[sdk=iphonesimulator*]" = i386;
				GCC_C_LANGUAGE_STANDARD = gnu99;
				GCC_DYNAMIC_NO_PIC = NO;
				GCC_NO_COMMON_BLOCKS = YES;
				GCC_OPTIMIZATION_LEVEL = 0;
				GCC_PREPROCESSOR_DEFINITIONS = (
					"DEBUG=1",
					"$(inherited)",
				);
				GCC_SYMBOLS_PRIVATE_EXTERN = NO;
				GCC_WARN_64_TO_32_BIT_CONVERSION = YES;
				GCC_WARN_ABOUT_RETURN_TYPE = YES_ERROR;
				GCC_WARN_UNDECLARED_SELECTOR = YES;
				GCC_WARN_UNINITIALIZED_AUTOS = YES_AGGRESSIVE;
				GCC_WARN_UNUSED_FUNCTION = YES;
				GCC_WARN_UNUSED_VARIABLE = YES;
				IPHONEOS_DEPLOYMENT_TARGET = 12.0;
				LD_RUNPATH_SEARCH_PATHS = (
					/usr/lib/swift,
					"$(inherited)",
				);
				LIBRARY_SEARCH_PATHS = (
					"\"$(TOOLCHAIN_DIR)/usr/lib/swift/$(PLATFORM_NAME)\"",
					"\"$(inherited)\"",
				);
				MTL_ENABLE_DEBUG_INFO = YES;
				ONLY_ACTIVE_ARCH = YES;
				PRODUCT_NAME = BIMTrack;
				SDKROOT = iphoneos;
			};
			name = Debug;
		};
		83CBBA211A601CBA00E9B192 /* Release */ = {
			isa = XCBuildConfiguration;
			buildSettings = {
				ALWAYS_SEARCH_USER_PATHS = NO;
				CLANG_ANALYZER_LOCALIZABILITY_NONLOCALIZED = YES;
				CLANG_CXX_LANGUAGE_STANDARD = "gnu++0x";
				CLANG_CXX_LIBRARY = "libc++";
				CLANG_ENABLE_MODULES = YES;
				CLANG_ENABLE_OBJC_ARC = YES;
				CLANG_WARN_BLOCK_CAPTURE_AUTORELEASING = YES;
				CLANG_WARN_BOOL_CONVERSION = YES;
				CLANG_WARN_COMMA = YES;
				CLANG_WARN_CONSTANT_CONVERSION = YES;
				CLANG_WARN_DEPRECATED_OBJC_IMPLEMENTATIONS = YES;
				CLANG_WARN_DIRECT_OBJC_ISA_USAGE = YES_ERROR;
				CLANG_WARN_EMPTY_BODY = YES;
				CLANG_WARN_ENUM_CONVERSION = YES;
				CLANG_WARN_INFINITE_RECURSION = YES;
				CLANG_WARN_INT_CONVERSION = YES;
				CLANG_WARN_NON_LITERAL_NULL_CONVERSION = YES;
				CLANG_WARN_OBJC_IMPLICIT_RETAIN_SELF = YES;
				CLANG_WARN_OBJC_LITERAL_CONVERSION = YES;
				CLANG_WARN_OBJC_ROOT_CLASS = YES_ERROR;
				CLANG_WARN_QUOTED_INCLUDE_IN_FRAMEWORK_HEADER = YES;
				CLANG_WARN_RANGE_LOOP_ANALYSIS = YES;
				CLANG_WARN_STRICT_PROTOTYPES = YES;
				CLANG_WARN_SUSPICIOUS_MOVE = YES;
				CLANG_WARN_UNREACHABLE_CODE = YES;
				CLANG_WARN__DUPLICATE_METHOD_MATCH = YES;
				"CODE_SIGN_IDENTITY[sdk=iphoneos*]" = "iPhone Developer";
				COPY_PHASE_STRIP = YES;
				ENABLE_NS_ASSERTIONS = NO;
				ENABLE_STRICT_OBJC_MSGSEND = YES;
				"EXCLUDED_ARCHS[sdk=iphonesimulator*]" = i386;
				GCC_C_LANGUAGE_STANDARD = gnu99;
				GCC_NO_COMMON_BLOCKS = YES;
				GCC_WARN_64_TO_32_BIT_CONVERSION = YES;
				GCC_WARN_ABOUT_RETURN_TYPE = YES_ERROR;
				GCC_WARN_UNDECLARED_SELECTOR = YES;
				GCC_WARN_UNINITIALIZED_AUTOS = YES_AGGRESSIVE;
				GCC_WARN_UNUSED_FUNCTION = YES;
				GCC_WARN_UNUSED_VARIABLE = YES;
				IPHONEOS_DEPLOYMENT_TARGET = 12.0;
				LD_RUNPATH_SEARCH_PATHS = (
					/usr/lib/swift,
					"$(inherited)",
				);
				LIBRARY_SEARCH_PATHS = (
					"\"$(TOOLCHAIN_DIR)/usr/lib/swift/$(PLATFORM_NAME)\"",
					"\"$(inherited)\"",
				);
				MTL_ENABLE_DEBUG_INFO = NO;
				ONLY_ACTIVE_ARCH = YES;
				PRODUCT_NAME = BIMTrack;
				SDKROOT = iphoneos;
				VALIDATE_PRODUCT = YES;
			};
			name = Release;
		};
		C3AF8D0226F8FB9A00E0E7AA /* Internal */ = {
			isa = XCBuildConfiguration;
			buildSettings = {
				ALWAYS_SEARCH_USER_PATHS = NO;
				CLANG_ANALYZER_LOCALIZABILITY_NONLOCALIZED = YES;
				CLANG_CXX_LANGUAGE_STANDARD = "gnu++0x";
				CLANG_CXX_LIBRARY = "libc++";
				CLANG_ENABLE_MODULES = YES;
				CLANG_ENABLE_OBJC_ARC = YES;
				CLANG_WARN_BLOCK_CAPTURE_AUTORELEASING = YES;
				CLANG_WARN_BOOL_CONVERSION = YES;
				CLANG_WARN_COMMA = YES;
				CLANG_WARN_CONSTANT_CONVERSION = YES;
				CLANG_WARN_DEPRECATED_OBJC_IMPLEMENTATIONS = YES;
				CLANG_WARN_DIRECT_OBJC_ISA_USAGE = YES_ERROR;
				CLANG_WARN_EMPTY_BODY = YES;
				CLANG_WARN_ENUM_CONVERSION = YES;
				CLANG_WARN_INFINITE_RECURSION = YES;
				CLANG_WARN_INT_CONVERSION = YES;
				CLANG_WARN_NON_LITERAL_NULL_CONVERSION = YES;
				CLANG_WARN_OBJC_IMPLICIT_RETAIN_SELF = YES;
				CLANG_WARN_OBJC_LITERAL_CONVERSION = YES;
				CLANG_WARN_OBJC_ROOT_CLASS = YES_ERROR;
				CLANG_WARN_QUOTED_INCLUDE_IN_FRAMEWORK_HEADER = YES;
				CLANG_WARN_RANGE_LOOP_ANALYSIS = YES;
				CLANG_WARN_STRICT_PROTOTYPES = YES;
				CLANG_WARN_SUSPICIOUS_MOVE = YES;
				CLANG_WARN_UNREACHABLE_CODE = YES;
				CLANG_WARN__DUPLICATE_METHOD_MATCH = YES;
				"CODE_SIGN_IDENTITY[sdk=iphoneos*]" = "iPhone Developer";
				COPY_PHASE_STRIP = YES;
				ENABLE_NS_ASSERTIONS = NO;
				ENABLE_STRICT_OBJC_MSGSEND = YES;
				"EXCLUDED_ARCHS[sdk=iphonesimulator*]" = i386;
				GCC_C_LANGUAGE_STANDARD = gnu99;
				GCC_NO_COMMON_BLOCKS = YES;
				GCC_WARN_64_TO_32_BIT_CONVERSION = YES;
				GCC_WARN_ABOUT_RETURN_TYPE = YES_ERROR;
				GCC_WARN_UNDECLARED_SELECTOR = YES;
				GCC_WARN_UNINITIALIZED_AUTOS = YES_AGGRESSIVE;
				GCC_WARN_UNUSED_FUNCTION = YES;
				GCC_WARN_UNUSED_VARIABLE = YES;
				IPHONEOS_DEPLOYMENT_TARGET = 12.0;
				LD_RUNPATH_SEARCH_PATHS = (
					/usr/lib/swift,
					"$(inherited)",
				);
				LIBRARY_SEARCH_PATHS = (
					"\"$(TOOLCHAIN_DIR)/usr/lib/swift/$(PLATFORM_NAME)\"",
					"\"$(inherited)\"",
				);
				MTL_ENABLE_DEBUG_INFO = NO;
				ONLY_ACTIVE_ARCH = YES;
				PRODUCT_NAME = BIMTrack;
				SDKROOT = iphoneos;
				VALIDATE_PRODUCT = YES;
			};
			name = Internal;
		};
		C3AF8D0326F8FB9A00E0E7AA /* Internal */ = {
			isa = XCBuildConfiguration;
			baseConfigurationReference = 51662CC4FE74698B27B9B821 /* Pods-BIMTrack.internal.xcconfig */;
			buildSettings = {
				ASSETCATALOG_COMPILER_APPICON_NAME = AppIcon;
				CLANG_ENABLE_MODULES = YES;
				CODE_SIGN_ENTITLEMENTS = BIMTrack/BIMTrack.entitlements;
				CURRENT_PROJECT_VERSION = 1;
				DEVELOPMENT_TEAM = TLTF7FJX27;
				INFOPLIST_FILE = BIMTrack/Info.plist;
				LD_RUNPATH_SEARCH_PATHS = (
					"$(inherited)",
					"@executable_path/Frameworks",
				);
				LIBRARY_SEARCH_PATHS = (
					"$(inherited)",
					"$(SDKROOT)/usr/lib/swift",
				);
				MARKETING_VERSION = 1.5.4;
				ONLY_ACTIVE_ARCH = YES;
				OTHER_LDFLAGS = (
					"$(inherited)",
					"-ObjC",
					"-lc++",
				);
				PRODUCT_BUNDLE_IDENTIFIER = com.bimtrack.bimtrack;
				PRODUCT_NAME = BIMTrack;
				SWIFT_OBJC_BRIDGING_HEADER = "BIMTrack-Bridging-Header.h";
				SWIFT_VERSION = 5.0;
				TARGETED_DEVICE_FAMILY = "1,2";
				VERSIONING_SYSTEM = "apple-generic";
			};
			name = Internal;
		};
		C3AF8D0426F8FB9A00E0E7AA /* Internal */ = {
			isa = XCBuildConfiguration;
			baseConfigurationReference = 19B81262DB03DFCB009BCA15 /* Pods-BIMTrack-BIMTrackTests.internal.xcconfig */;
			buildSettings = {
				ALWAYS_EMBED_SWIFT_STANDARD_LIBRARIES = YES;
				BUNDLE_LOADER = "$(TEST_HOST)";
				COPY_PHASE_STRIP = NO;
				INFOPLIST_FILE = BIMTrackTests/Info.plist;
				IPHONEOS_DEPLOYMENT_TARGET = 12.0;
				LD_RUNPATH_SEARCH_PATHS = (
					"$(inherited)",
					"@executable_path/Frameworks",
					"@loader_path/Frameworks",
				);
				OTHER_LDFLAGS = (
					"-ObjC",
					"-lc++",
					"$(inherited)",
				);
				PRODUCT_BUNDLE_IDENTIFIER = "org.reactjs.native.example.$(PRODUCT_NAME:rfc1034identifier)";
				PRODUCT_NAME = "$(TARGET_NAME)";
				TEST_HOST = "$(BUILT_PRODUCTS_DIR)/BIMTrack.app/BIMTrack";
			};
			name = Internal;
		};
/* End XCBuildConfiguration section */

/* Begin XCConfigurationList section */
		00E357021AD99517003FC87E /* Build configuration list for PBXNativeTarget "BIMTrackTests" */ = {
			isa = XCConfigurationList;
			buildConfigurations = (
				00E356F61AD99517003FC87E /* Debug */,
				00E356F71AD99517003FC87E /* Release */,
				C3AF8D0426F8FB9A00E0E7AA /* Internal */,
			);
			defaultConfigurationIsVisible = 0;
			defaultConfigurationName = Debug;
		};
		13B07F931A680F5B00A75B9A /* Build configuration list for PBXNativeTarget "BIMTrack" */ = {
			isa = XCConfigurationList;
			buildConfigurations = (
				13B07F941A680F5B00A75B9A /* Debug */,
				13B07F951A680F5B00A75B9A /* Release */,
				C3AF8D0326F8FB9A00E0E7AA /* Internal */,
			);
			defaultConfigurationIsVisible = 0;
			defaultConfigurationName = Debug;
		};
		83CBB9FA1A601CBA00E9B192 /* Build configuration list for PBXProject "BIMTrack" */ = {
			isa = XCConfigurationList;
			buildConfigurations = (
				83CBBA201A601CBA00E9B192 /* Debug */,
				83CBBA211A601CBA00E9B192 /* Release */,
				C3AF8D0226F8FB9A00E0E7AA /* Internal */,
			);
			defaultConfigurationIsVisible = 0;
			defaultConfigurationName = Debug;
		};
/* End XCConfigurationList section */
	};
	rootObject = 83CBB9F71A601CBA00E9B192 /* Project object */;
}
